
Microsoft Visual Studio Solution File, Format Version 12.00
# Visual Studio Version 17
VisualStudioVersion = 17.5.33530.505
MinimumVisualStudioVersion = 10.0.40219.1
Project("{9A19103F-16F7-4668-BE54-9A1E7A4F7556}") = "NeuralNetwork", "src\NeuralNetwork\NeuralNetwork.csproj", "{FB7F99C9-C307-4B4E-BD0F-52FDB5532369}"
EndProject
Project("{FAE04EC0-301F-11D3-BF4B-00C04F79EFBC}") = "NeuralNetwork.Extensions.DependencyInjection", "src\NeuralNetwork.Extensions.DependencyInjection\NeuralNetwork.Extensions.DependencyInjection.csproj", "{6844946B-6930-4CF0-9E50-A9AAAA244AF8}"
EndProject
Project("{9A19103F-16F7-4668-BE54-9A1E7A4F7556}") = "NeuralNetwork.Tests", "tests\NeuralNetwork.Tests\NeuralNetwork.Tests.csproj", "{103F448D-5797-4C12-99A9-1E5C6CCACC73}"
EndProject
Project("{FAE04EC0-301F-11D3-BF4B-00C04F79EFBC}") = "NeuralNetwork.Extension.Tests", "tests\NeuralNetwork.Extension.Tests\NeuralNetwork.Extension.Tests.csproj", "{3D39CB71-C607-4038-A256-09110DF78C53}"
EndProject
Global
	GlobalSection(SolutionConfigurationPlatforms) = preSolution
		Debug|Any CPU = Debug|Any CPU
		Release|Any CPU = Release|Any CPU
	EndGlobalSection
	GlobalSection(ProjectConfigurationPlatforms) = postSolution
		{FB7F99C9-C307-4B4E-BD0F-52FDB5532369}.Debug|Any CPU.ActiveCfg = Debug|Any CPU
		{FB7F99C9-C307-4B4E-BD0F-52FDB5532369}.Debug|Any CPU.Build.0 = Debug|Any CPU
		{FB7F99C9-C307-4B4E-BD0F-52FDB5532369}.Release|Any CPU.ActiveCfg = Release|Any CPU
		{FB7F99C9-C307-4B4E-BD0F-52FDB5532369}.Release|Any CPU.Build.0 = Release|Any CPU
		{103F448D-5797-4C12-99A9-1E5C6CCACC73}.Debug|Any CPU.ActiveCfg = Debug|Any CPU
		{103F448D-5797-4C12-99A9-1E5C6CCACC73}.Debug|Any CPU.Build.0 = Debug|Any CPU
		{103F448D-5797-4C12-99A9-1E5C6CCACC73}.Release|Any CPU.ActiveCfg = Release|Any CPU
		{103F448D-5797-4C12-99A9-1E5C6CCACC73}.Release|Any CPU.Build.0 = Release|Any CPU
		{6844946B-6930-4CF0-9E50-A9AAAA244AF8}.Debug|Any CPU.ActiveCfg = Debug|Any CPU
		{6844946B-6930-4CF0-9E50-A9AAAA244AF8}.Debug|Any CPU.Build.0 = Debug|Any CPU
		{6844946B-6930-4CF0-9E50-A9AAAA244AF8}.Release|Any CPU.ActiveCfg = Release|Any CPU
		{6844946B-6930-4CF0-9E50-A9AAAA244AF8}.Release|Any CPU.Build.0 = Release|Any CPU
		{3D39CB71-C607-4038-A256-09110DF78C53}.Debug|Any CPU.ActiveCfg = Debug|Any CPU
		{3D39CB71-C607-4038-A256-09110DF78C53}.Debug|Any CPU.Build.0 = Debug|Any CPU
		{3D39CB71-C607-4038-A256-09110DF78C53}.Release|Any CPU.ActiveCfg = Release|Any CPU
		{3D39CB71-C607-4038-A256-09110DF78C53}.Release|Any CPU.Build.0 = Release|Any CPU
	EndGlobalSection
	GlobalSection(SolutionProperties) = preSolution
		HideSolutionNode = FALSE
	EndGlobalSection
	GlobalSection(ExtensibilityGlobals) = postSolution
		SolutionGuid = {768AF116-456F-443E-9AAC-15377AA3E02B}
	EndGlobalSection
EndGlobal
